
Microsoft Visual Studio Solution File, Format Version 12.00
# Visual Studio Version 16
VisualStudioVersion = 16.0.30320.27
MinimumVisualStudioVersion = 10.0.40219.1
Project("{888888A0-9F3D-457C-B088-3A5042F75D52}") = "LearningDjango", "LearningDjango.pyproj", "{40B27B65-1ADB-4775-A3D8-FF1630B43D5C}"
EndProject
Project("{888888A0-9F3D-457C-B088-3A5042F75D52}") = "DjangoWeb", "..\DjangoWeb\DjangoWeb.pyproj", "{F82051CB-FD23-467A-91A1-E841878DD5BC}"
EndProject
Global
	GlobalSection(SolutionConfigurationPlatforms) = preSolution
		Debug|Any CPU = Debug|Any CPU
		Release|Any CPU = Release|Any CPU
	EndGlobalSection
	GlobalSection(ProjectConfigurationPlatforms) = postSolution
		{40B27B65-1ADB-4775-A3D8-FF1630B43D5C}.Debug|Any CPU.ActiveCfg = Debug|Any CPU
		{40B27B65-1ADB-4775-A3D8-FF1630B43D5C}.Debug|Any CPU.Build.0 = Debug|Any CPU
		{40B27B65-1ADB-4775-A3D8-FF1630B43D5C}.Release|Any CPU.ActiveCfg = Release|Any CPU
		{40B27B65-1ADB-4775-A3D8-FF1630B43D5C}.Release|Any CPU.Build.0 = Release|Any CPU
		{F82051CB-FD23-467A-91A1-E841878DD5BC}.Debug|Any CPU.ActiveCfg = Debug|Any CPU
		{F82051CB-FD23-467A-91A1-E841878DD5BC}.Debug|Any CPU.Build.0 = Debug|Any CPU
		{F82051CB-FD23-467A-91A1-E841878DD5BC}.Release|Any CPU.ActiveCfg = Release|Any CPU
		{F82051CB-FD23-467A-91A1-E841878DD5BC}.Release|Any CPU.Build.0 = Release|Any CPU
	EndGlobalSection
	GlobalSection(SolutionProperties) = preSolution
		HideSolutionNode = FALSE
	EndGlobalSection
	GlobalSection(ExtensibilityGlobals) = postSolution
		SolutionGuid = {DC781090-B56A-4851-A5D8-FF935D7D0A37}
	EndGlobalSection
EndGlobal
